
Microsoft Visual Studio Solution File, Format Version 12.00
# Visual Studio 15
VisualStudioVersion = 15.0.27130.2010
MinimumVisualStudioVersion = 10.0.40219.1
Project("{FAE04EC0-301F-11D3-BF4B-00C04F79EFBC}") = "LP2_inventario_instrumentos", "LP2_inventario_instrumentos\LP2_inventario_instrumentos.csproj", "{151AF197-8697-4126-8284-7C7A25FDE748}"
EndProject
Global
	GlobalSection(SolutionConfigurationPlatforms) = preSolution
		Debug|Any CPU = Debug|Any CPU
		Release|Any CPU = Release|Any CPU
	EndGlobalSection
	GlobalSection(ProjectConfigurationPlatforms) = postSolution
		{151AF197-8697-4126-8284-7C7A25FDE748}.Debug|Any CPU.ActiveCfg = Debug|Any CPU
		{151AF197-8697-4126-8284-7C7A25FDE748}.Debug|Any CPU.Build.0 = Debug|Any CPU
		{151AF197-8697-4126-8284-7C7A25FDE748}.Release|Any CPU.ActiveCfg = Release|Any CPU
		{151AF197-8697-4126-8284-7C7A25FDE748}.Release|Any CPU.Build.0 = Release|Any CPU
	EndGlobalSection
	GlobalSection(SolutionProperties) = preSolution
		HideSolutionNode = FALSE
	EndGlobalSection
	GlobalSection(ExtensibilityGlobals) = postSolution
		SolutionGuid = {7174CE06-DBC6-4D38-AC23-CA8EAC605C12}
	EndGlobalSection
EndGlobal
